
Microsoft Visual Studio Solution File, Format Version 12.00
# Visual Studio Version 16
VisualStudioVersion = 16.0.29009.5
MinimumVisualStudioVersion = 10.0.40219.1
Project("{FAE04EC0-301F-11D3-BF4B-00C04F79EFBC}") = "MassTransitPublisher", "MassTransitPublisher\MassTransitPublisher.csproj", "{351172C9-C0A9-4810-BA13-A328679D1BC3}"
EndProject
Project("{FAE04EC0-301F-11D3-BF4B-00C04F79EFBC}") = "MassTransitConsumer", "MassTransitConsumer\MassTransitConsumer.csproj", "{9ABF3DB3-853A-4167-B4F0-F433E10F78A0}"
EndProject
Project("{FAE04EC0-301F-11D3-BF4B-00C04F79EFBC}") = "MassTransit.Messages", "MassTransit.Messages\MassTransit.Messages.csproj", "{9F86EB3A-0446-46D1-AAD9-54E145D55AAD}"
EndProject
Global
	GlobalSection(SolutionConfigurationPlatforms) = preSolution
		Debug|Any CPU = Debug|Any CPU
		Release|Any CPU = Release|Any CPU
	EndGlobalSection
	GlobalSection(ProjectConfigurationPlatforms) = postSolution
		{351172C9-C0A9-4810-BA13-A328679D1BC3}.Debug|Any CPU.ActiveCfg = Debug|Any CPU
		{351172C9-C0A9-4810-BA13-A328679D1BC3}.Debug|Any CPU.Build.0 = Debug|Any CPU
		{351172C9-C0A9-4810-BA13-A328679D1BC3}.Release|Any CPU.ActiveCfg = Release|Any CPU
		{351172C9-C0A9-4810-BA13-A328679D1BC3}.Release|Any CPU.Build.0 = Release|Any CPU
		{9ABF3DB3-853A-4167-B4F0-F433E10F78A0}.Debug|Any CPU.ActiveCfg = Debug|Any CPU
		{9ABF3DB3-853A-4167-B4F0-F433E10F78A0}.Debug|Any CPU.Build.0 = Debug|Any CPU
		{9ABF3DB3-853A-4167-B4F0-F433E10F78A0}.Release|Any CPU.ActiveCfg = Release|Any CPU
		{9ABF3DB3-853A-4167-B4F0-F433E10F78A0}.Release|Any CPU.Build.0 = Release|Any CPU
		{9F86EB3A-0446-46D1-AAD9-54E145D55AAD}.Debug|Any CPU.ActiveCfg = Debug|Any CPU
		{9F86EB3A-0446-46D1-AAD9-54E145D55AAD}.Debug|Any CPU.Build.0 = Debug|Any CPU
		{9F86EB3A-0446-46D1-AAD9-54E145D55AAD}.Release|Any CPU.ActiveCfg = Release|Any CPU
		{9F86EB3A-0446-46D1-AAD9-54E145D55AAD}.Release|Any CPU.Build.0 = Release|Any CPU
	EndGlobalSection
	GlobalSection(SolutionProperties) = preSolution
		HideSolutionNode = FALSE
	EndGlobalSection
	GlobalSection(ExtensibilityGlobals) = postSolution
		SolutionGuid = {6DD25773-D676-4FE2-BC89-6E5BC478401F}
	EndGlobalSection
EndGlobal
